// !$*UTF8*$!
{
	archiveVersion = 1;
	classes = {
	};
	objectVersion = 77;
	objects = {

/* Begin PBXBuildFile section */
		01CE948684943DFF96B077F7 /* AppUpdater.swift in Sources */ = {isa = PBXBuildFile; fileRef = 5BADFC6B5CCEDC123DF696D8 /* AppUpdater.swift */; };
		06D6F16CF243DDB4531BEE29 /* AnnotationDrawing.swift in Sources */ = {isa = PBXBuildFile; fileRef = 17544CDA089E3F65F7BCE622 /* AnnotationDrawing.swift */; };
		073D955347C6F1FBC8B7367E /* ShareService.swift in Sources */ = {isa = PBXBuildFile; fileRef = 7545B71B98F5349A6E57003A /* ShareService.swift */; };
		08EE0F43183D219119172084 /* ZoomCue.swift in Sources */ = {isa = PBXBuildFile; fileRef = FD99B20FCC14CE7B29F78502 /* ZoomCue.swift */; };
		0B76BB9ECF0DEA0C47B75DAC /* AnnotationItemView.swift in Sources */ = {isa = PBXBuildFile; fileRef = BD21E8B1BB111C9A2991D570 /* AnnotationItemView.swift */; };
		0CB60CEFB5D9FE7979CB5179 /* TimelineTransform.swift in Sources */ = {isa = PBXBuildFile; fileRef = CCF297FE8B79DB3BC5B6B470 /* TimelineTransform.swift */; };
		12F0105D52F612AA1BD73023 /* BetterShotDelegate.swift in Sources */ = {isa = PBXBuildFile; fileRef = 1A8FF0E5AD713FC1D7E99DE7 /* BetterShotDelegate.swift */; };
		13B8472EC13ED5548E55212F /* HistoryStore.swift in Sources */ = {isa = PBXBuildFile; fileRef = 11DEB19CCE7ED49CF1136508 /* HistoryStore.swift */; };
		1881BC67C7A74FEC212DA8EC /* EditorModel.swift in Sources */ = {isa = PBXBuildFile; fileRef = 7307DAB0AA0DDC8AB161E476 /* EditorModel.swift */; };
		190449BC0719D36DD018A4D8 /* RecordingSession.swift in Sources */ = {isa = PBXBuildFile; fileRef = E3F4A34905E009410BCE4384 /* RecordingSession.swift */; };
		1C291E3F80FE43A2FEA8F663 /* RecordingAreaHighlight.swift in Sources */ = {isa = PBXBuildFile; fileRef = D6198417D4285E0B0F93CD9C /* RecordingAreaHighlight.swift */; };
		1CBDB240923B9F176D454CEA /* Backgrounds in Resources */ = {isa = PBXBuildFile; fileRef = A9FD147E96AE29FF1E11357F /* Backgrounds */; };
		1CF87FFD59B2CF267AF92376 /* MicrophoneCatalog.swift in Sources */ = {isa = PBXBuildFile; fileRef = B88A8ED1633D6E01CE4EE0FA /* MicrophoneCatalog.swift */; };
		1F0739DA40E1862702A03326 /* InspectorValueFormat.swift in Sources */ = {isa = PBXBuildFile; fileRef = 52E6D8AFD167052CD093BDBB /* InspectorValueFormat.swift */; };
		224A19E23130B834F212C3D3 /* RecordingBarPresenter.swift in Sources */ = {isa = PBXBuildFile; fileRef = 01335DD6AA3E94EA2C92C22E /* RecordingBarPresenter.swift */; };
		2D2CFBFFDA6767FA9FB2C2E9 /* BeautifierRenderer.swift in Sources */ = {isa = PBXBuildFile; fileRef = D58300A37E3A994CE15987C5 /* BeautifierRenderer.swift */; };
		35166CF539A9A0D4C42CF4EE /* PointerCapture.swift in Sources */ = {isa = PBXBuildFile; fileRef = 24D46DA7E74F2EB4C230512D /* PointerCapture.swift */; };
		3933094B835D8EF2F5F1EABB /* RegionSelectionOverlay.swift in Sources */ = {isa = PBXBuildFile; fileRef = 868F0E1B6C8FC7DF50B4A79B /* RegionSelectionOverlay.swift */; };
		3AA2E443AA076D9AA4BCFFA9 /* PinnedScreenshot.swift in Sources */ = {isa = PBXBuildFile; fileRef = 8B3D8697A2AEA9FD3527BA3D /* PinnedScreenshot.swift */; };
		3F10E4A10ECE3E37549B99BA /* EditorWindowView.swift in Sources */ = {isa = PBXBuildFile; fileRef = B5FC4CD374D6C387202BB773 /* EditorWindowView.swift */; };
		485E9656C51FFC45547FFB73 /* CapTimelineView.swift in Sources */ = {isa = PBXBuildFile; fileRef = C6C9F913A886767E0F6F027C /* CapTimelineView.swift */; };
		52B62D47D9FDBE73F0FEDB1A /* ToastWindow.swift in Sources */ = {isa = PBXBuildFile; fileRef = 2B95C7007292236807887D07 /* ToastWindow.swift */; };
		546351AF6683978F99C7929C /* ClipTimeline.swift in Sources */ = {isa = PBXBuildFile; fileRef = E26AF580197196A4D9BBE7B3 /* ClipTimeline.swift */; };
		54D0907847F64444A8ECF73F /* TrimSelection.swift in Sources */ = {isa = PBXBuildFile; fileRef = 85A36EDCABE99B72392EB93C /* TrimSelection.swift */; };
		5DC7C7A2CF426EEB84D10515 /* MenuBarPopoverController.swift in Sources */ = {isa = PBXBuildFile; fileRef = EE6013043C27F30509A03C16 /* MenuBarPopoverController.swift */; };
		60129245C0B6E2A29C14B762 /* VideoEditorModel.swift in Sources */ = {isa = PBXBuildFile; fileRef = 7C35ADEA40B41A4AD5BD3588 /* VideoEditorModel.swift */; };
		6158A6FD21D793D955B2E0E9 /* AppPreferences.swift in Sources */ = {isa = PBXBuildFile; fileRef = C757566A38307689528E5A9E /* AppPreferences.swift */; };
		615EE1453C9A7BDFD9248E09 /* ScreenCapture.swift in Sources */ = {isa = PBXBuildFile; fileRef = 4495302A23BB2192D91C5ED3 /* ScreenCapture.swift */; };
		6682480DF2FDA028736D23D2 /* PreferencesView.swift in Sources */ = {isa = PBXBuildFile; fileRef = 9822447B9DE8F15B9CC94381 /* PreferencesView.swift */; };
		7492DCC25BAEBAFD914AAC6C /* EditorCanvasView.swift in Sources */ = {isa = PBXBuildFile; fileRef = 9D72A7FD249FD623240D8735 /* EditorCanvasView.swift */; };
		7A3EBC41CA7A6F9DE045888B /* AnnotationRedactionImageProcessor.swift in Sources */ = {isa = PBXBuildFile; fileRef = 147306FB804DB8E1D8FC83DA /* AnnotationRedactionImageProcessor.swift */; };
		7C4AD16D6095D80279D2C66E /* RecordingBarChrome.swift in Sources */ = {isa = PBXBuildFile; fileRef = 8908BA741C21BE7AAFF8F028 /* RecordingBarChrome.swift */; };
		83732BC3FFEBD8CF3A10C556 /* CameraBubble.swift in Sources */ = {isa = PBXBuildFile; fileRef = 1EC6AE3A415F2A5CE882C1ED /* CameraBubble.swift */; };
		8782829F9AD2E1BE2B796AC7 /* ShortcutService.swift in Sources */ = {isa = PBXBuildFile; fileRef = BAE1EE5C32D7D0D099A88951 /* ShortcutService.swift */; };
		87B41081A50FF4716E4423EC /* EditorWindowController.swift in Sources */ = {isa = PBXBuildFile; fileRef = 9057B39C894A83FE5C27A761 /* EditorWindowController.swift */; };
		918CF31A69D7A8EB445F4164 /* CaptureRecord.swift in Sources */ = {isa = PBXBuildFile; fileRef = C5558B01BB764A6621835508 /* CaptureRecord.swift */; };
		923CCF853D24DB686D9CB758 /* VideoFrameExporter.swift in Sources */ = {isa = PBXBuildFile; fileRef = 51F4CF838E8E6B0F1CF28918 /* VideoFrameExporter.swift */; };
		99DDE6D704C920238ACF8B8C /* VideoEditorWindowController.swift in Sources */ = {isa = PBXBuildFile; fileRef = FA371E3B22FCF68762E77651 /* VideoEditorWindowController.swift */; };
		9A417A3F04D2578AE8199ACC /* EditorInspectorView.swift in Sources */ = {isa = PBXBuildFile; fileRef = 5229BD9DF667A270F2BF5A01 /* EditorInspectorView.swift */; };
		A3D2948CBD1AB43FE793A68A /* VideoEditorView.swift in Sources */ = {isa = PBXBuildFile; fileRef = 8D2EB2E1080285BC4EC284AB /* VideoEditorView.swift */; };
		A548A41489DDA1DF28A3C44A /* PreviewOverlay.swift in Sources */ = {isa = PBXBuildFile; fileRef = AE1AF97C84324A8DA1B6948D /* PreviewOverlay.swift */; };
		A6D62B552A8AE5AD951AB3EC /* CountdownOverlay.swift in Sources */ = {isa = PBXBuildFile; fileRef = 7DB9ADF51148B7B593827415 /* CountdownOverlay.swift */; };
		A75C4FCCE3EE54A0AB010297 /* InspectorSlider.swift in Sources */ = {isa = PBXBuildFile; fileRef = EF9F61AFB543497004AF4EB3 /* InspectorSlider.swift */; };
		AC73400A5306BD53C5FB8D6E /* TimelineFilmstrip.swift in Sources */ = {isa = PBXBuildFile; fileRef = 087237D165BDF4246FC3A356 /* TimelineFilmstrip.swift */; };
		B20B0C52AEF6529B4DEE0B46 /* AnnotationItem.swift in Sources */ = {isa = PBXBuildFile; fileRef = F6DFE09CC845C78A0C3D2685 /* AnnotationItem.swift */; };
		B89AAE0FC436D51766C43D3C /* InspectorChrome.swift in Sources */ = {isa = PBXBuildFile; fileRef = D6B3B484A34F96CA7461389C /* InspectorChrome.swift */; };
		B9B5CCB2FE5EDEA8A879E245 /* SharingSettingsTab.swift in Sources */ = {isa = PBXBuildFile; fileRef = 0D62F387131F8D7E1EF8BD54 /* SharingSettingsTab.swift */; };
		BA2E35F115F67D7CA6DEE5A9 /* BetterShotApp.swift in Sources */ = {isa = PBXBuildFile; fileRef = F74F2F48E0775A96906E180F /* BetterShotApp.swift */; };
		BC811FEA82E635D6292A80FD /* MenuBarContentView.swift in Sources */ = {isa = PBXBuildFile; fileRef = AE87F338892DCBFEA8FD7BDA /* MenuBarContentView.swift */; };
		C46DD6DBAA95F563F2EC6E4E /* SettingsWindowController.swift in Sources */ = {isa = PBXBuildFile; fileRef = 90E774656DB29A1792294977 /* SettingsWindowController.swift */; };
		C81637D99E01B68AEC877CDD /* RecordingStagingDirectory.swift in Sources */ = {isa = PBXBuildFile; fileRef = 77D11FADA33C25A258D5A97A /* RecordingStagingDirectory.swift */; };
		C9F5C45CC06920AAA6D23155 /* ActiveDisplayResolver.swift in Sources */ = {isa = PBXBuildFile; fileRef = 4056BF81776068841C838844 /* ActiveDisplayResolver.swift */; };
		CF7361CA58691AC8B76B31C8 /* AnnotationKeyboard.swift in Sources */ = {isa = PBXBuildFile; fileRef = 8EA870DD2C387FEFFB50527E /* AnnotationKeyboard.swift */; };
		D2F654EFDF72F9FC2CFDBF20 /* RecordingSourceCatalog.swift in Sources */ = {isa = PBXBuildFile; fileRef = 688AC417DC21DAAB08B94675 /* RecordingSourceCatalog.swift */; };
		D7B4409DDF00C46B5D27FA48 /* EditorSharedSections.swift in Sources */ = {isa = PBXBuildFile; fileRef = C6F4C7B311224A83B9D10097 /* EditorSharedSections.swift */; };
		D7BE3EA091A12262CC4E7894 /* R2CredentialStore.swift in Sources */ = {isa = PBXBuildFile; fileRef = 679F127F74BFC991CCDCA27B /* R2CredentialStore.swift */; };
		D925251B051AC2433DEE6D1E /* ShareManifest.swift in Sources */ = {isa = PBXBuildFile; fileRef = 451695CAAFEDDEA2ECE3CEF7 /* ShareManifest.swift */; };
		DB55A5FF7B47E7320A84BE44 /* AnnotationEditorInteractionState.swift in Sources */ = {isa = PBXBuildFile; fileRef = 7E8B6DF3EDCB19D828A14168 /* AnnotationEditorInteractionState.swift */; };
		DD16A8874BECF0E76B10BA02 /* HostWindow.swift in Sources */ = {isa = PBXBuildFile; fileRef = 34E0B1E09D31B739AF031BC5 /* HostWindow.swift */; };
		E29EA2EB45CB7AF5F7F1DE1A /* RecordingPickerBar.swift in Sources */ = {isa = PBXBuildFile; fileRef = 2EE439E5B73138005082C255 /* RecordingPickerBar.swift */; };
		E29FA26E5F3F90C0653923E8 /* Assets.xcassets in Resources */ = {isa = PBXBuildFile; fileRef = B350EE68E3E974004660FC0A /* Assets.xcassets */; };
		E661ECE91CC81C278EB539B0 /* ExportCanvasGeometry.swift in Sources */ = {isa = PBXBuildFile; fileRef = 7EE22957DFC0455E1687EF7D /* ExportCanvasGeometry.swift */; };
		EB848575CC3229A7EFFA6F13 /* BackgroundStyle.swift in Sources */ = {isa = PBXBuildFile; fileRef = BE8FF05309B340FEAE149775 /* BackgroundStyle.swift */; };
		EC29168521E36776F7087CF4 /* ViewportTimeline.swift in Sources */ = {isa = PBXBuildFile; fileRef = 29B6B3D52CB7D59DAE025C2D /* ViewportTimeline.swift */; };
		F0B38EDB344A7A818ED49511 /* ScreenRecordingManager.swift in Sources */ = {isa = PBXBuildFile; fileRef = 947DF939565AA34A0BC56B3F /* ScreenRecordingManager.swift */; };
		F3BAB5D4C1617D203E95885B /* BundledBackgrounds.swift in Sources */ = {isa = PBXBuildFile; fileRef = 94D707990F014D8BE452023A /* BundledBackgrounds.swift */; };
		F425B700C7B4E08A43AAF173 /* R2Uploader.swift in Sources */ = {isa = PBXBuildFile; fileRef = 861CE2F486701322F7B4FAD3 /* R2Uploader.swift */; };
		F5F0FA6599AB12F8B47278B0 /* ColorPickerOverlay.swift in Sources */ = {isa = PBXBuildFile; fileRef = 3E1907B91A013BCA494AB08A /* ColorPickerOverlay.swift */; };
		F624776F3B0A0526D8C35911 /* VideoExportError.swift in Sources */ = {isa = PBXBuildFile; fileRef = AED95760D56AC3DD0DAB3150 /* VideoExportError.swift */; };
		F87FBF6D449686856AD05561 /* GlassSurface.swift in Sources */ = {isa = PBXBuildFile; fileRef = B82D1374FAD185152D19D7E7 /* GlassSurface.swift */; };
		FC247F5E7814E3D4E253A582 /* RecordingStatusBar.swift in Sources */ = {isa = PBXBuildFile; fileRef = C72B137FE8A09ED62E3E58DF /* RecordingStatusBar.swift */; };
		FE59D61ABB427B6DFC1D377A /* CaptureOrchestrator.swift in Sources */ = {isa = PBXBuildFile; fileRef = 4B626577BDFABF32D144DC8B /* CaptureOrchestrator.swift */; };
/* End PBXBuildFile section */

/* Begin PBXFileReference section */
		01335DD6AA3E94EA2C92C22E /* RecordingBarPresenter.swift */ = {isa = PBXFileReference; lastKnownFileType = sourcecode.swift; path = RecordingBarPresenter.swift; sourceTree = "<group>"; };
		087237D165BDF4246FC3A356 /* TimelineFilmstrip.swift */ = {isa = PBXFileReference; lastKnownFileType = sourcecode.swift; path = TimelineFilmstrip.swift; sourceTree = "<group>"; };
		0D62F387131F8D7E1EF8BD54 /* SharingSettingsTab.swift */ = {isa = PBXFileReference; lastKnownFileType = sourcecode.swift; path = SharingSettingsTab.swift; sourceTree = "<group>"; };
		11DEB19CCE7ED49CF1136508 /* HistoryStore.swift */ = {isa = PBXFileReference; lastKnownFileType = sourcecode.swift; path = HistoryStore.swift; sourceTree = "<group>"; };
		147306FB804DB8E1D8FC83DA /* AnnotationRedactionImageProcessor.swift */ = {isa = PBXFileReference; lastKnownFileType = sourcecode.swift; path = AnnotationRedactionImageProcessor.swift; sourceTree = "<group>"; };
		17544CDA089E3F65F7BCE622 /* AnnotationDrawing.swift */ = {isa = PBXFileReference; lastKnownFileType = sourcecode.swift; path = AnnotationDrawing.swift; sourceTree = "<group>"; };
		1A8FF0E5AD713FC1D7E99DE7 /* BetterShotDelegate.swift */ = {isa = PBXFileReference; lastKnownFileType = sourcecode.swift; path = BetterShotDelegate.swift; sourceTree = "<group>"; };
		1EC6AE3A415F2A5CE882C1ED /* CameraBubble.swift */ = {isa = PBXFileReference; lastKnownFileType = sourcecode.swift; path = CameraBubble.swift; sourceTree = "<group>"; };
		24D46DA7E74F2EB4C230512D /* PointerCapture.swift */ = {isa = PBXFileReference; lastKnownFileType = sourcecode.swift; path = PointerCapture.swift; sourceTree = "<group>"; };
		29B6B3D52CB7D59DAE025C2D /* ViewportTimeline.swift */ = {isa = PBXFileReference; lastKnownFileType = sourcecode.swift; path = ViewportTimeline.swift; sourceTree = "<group>"; };
		2B95C7007292236807887D07 /* ToastWindow.swift */ = {isa = PBXFileReference; lastKnownFileType = sourcecode.swift; path = ToastWindow.swift; sourceTree = "<group>"; };
		2EE439E5B73138005082C255 /* RecordingPickerBar.swift */ = {isa = PBXFileReference; lastKnownFileType = sourcecode.swift; path = RecordingPickerBar.swift; sourceTree = "<group>"; };
		34E0B1E09D31B739AF031BC5 /* HostWindow.swift */ = {isa = PBXFileReference; lastKnownFileType = sourcecode.swift; path = HostWindow.swift; sourceTree = "<group>"; };
		3E1907B91A013BCA494AB08A /* ColorPickerOverlay.swift */ = {isa = PBXFileReference; lastKnownFileType = sourcecode.swift; path = ColorPickerOverlay.swift; sourceTree = "<group>"; };
		4056BF81776068841C838844 /* ActiveDisplayResolver.swift */ = {isa = PBXFileReference; lastKnownFileType = sourcecode.swift; path = ActiveDisplayResolver.swift; sourceTree = "<group>"; };
		4495302A23BB2192D91C5ED3 /* ScreenCapture.swift */ = {isa = PBXFileReference; lastKnownFileType = sourcecode.swift; path = ScreenCapture.swift; sourceTree = "<group>"; };
		451695CAAFEDDEA2ECE3CEF7 /* ShareManifest.swift */ = {isa = PBXFileReference; lastKnownFileType = sourcecode.swift; path = ShareManifest.swift; sourceTree = "<group>"; };
		4B626577BDFABF32D144DC8B /* CaptureOrchestrator.swift */ = {isa = PBXFileReference; lastKnownFileType = sourcecode.swift; path = CaptureOrchestrator.swift; sourceTree = "<group>"; };
		51F4CF838E8E6B0F1CF28918 /* VideoFrameExporter.swift */ = {isa = PBXFileReference; lastKnownFileType = sourcecode.swift; path = VideoFrameExporter.swift; sourceTree = "<group>"; };
		5229BD9DF667A270F2BF5A01 /* EditorInspectorView.swift */ = {isa = PBXFileReference; lastKnownFileType = sourcecode.swift; path = EditorInspectorView.swift; sourceTree = "<group>"; };
		52E6D8AFD167052CD093BDBB /* InspectorValueFormat.swift */ = {isa = PBXFileReference; lastKnownFileType = sourcecode.swift; path = InspectorValueFormat.swift; sourceTree = "<group>"; };
		5BADFC6B5CCEDC123DF696D8 /* AppUpdater.swift */ = {isa = PBXFileReference; lastKnownFileType = sourcecode.swift; path = AppUpdater.swift; sourceTree = "<group>"; };
		679F127F74BFC991CCDCA27B /* R2CredentialStore.swift */ = {isa = PBXFileReference; lastKnownFileType = sourcecode.swift; path = R2CredentialStore.swift; sourceTree = "<group>"; };
		688AC417DC21DAAB08B94675 /* RecordingSourceCatalog.swift */ = {isa = PBXFileReference; lastKnownFileType = sourcecode.swift; path = RecordingSourceCatalog.swift; sourceTree = "<group>"; };
		7307DAB0AA0DDC8AB161E476 /* EditorModel.swift */ = {isa = PBXFileReference; lastKnownFileType = sourcecode.swift; path = EditorModel.swift; sourceTree = "<group>"; };
		7545B71B98F5349A6E57003A /* ShareService.swift */ = {isa = PBXFileReference; lastKnownFileType = sourcecode.swift; path = ShareService.swift; sourceTree = "<group>"; };
		77D11FADA33C25A258D5A97A /* RecordingStagingDirectory.swift */ = {isa = PBXFileReference; lastKnownFileType = sourcecode.swift; path = RecordingStagingDirectory.swift; sourceTree = "<group>"; };
		7C35ADEA40B41A4AD5BD3588 /* VideoEditorModel.swift */ = {isa = PBXFileReference; lastKnownFileType = sourcecode.swift; path = VideoEditorModel.swift; sourceTree = "<group>"; };
		7DB9ADF51148B7B593827415 /* CountdownOverlay.swift */ = {isa = PBXFileReference; lastKnownFileType = sourcecode.swift; path = CountdownOverlay.swift; sourceTree = "<group>"; };
		7E8B6DF3EDCB19D828A14168 /* AnnotationEditorInteractionState.swift */ = {isa = PBXFileReference; lastKnownFileType = sourcecode.swift; path = AnnotationEditorInteractionState.swift; sourceTree = "<group>"; };
		7EE22957DFC0455E1687EF7D /* ExportCanvasGeometry.swift */ = {isa = PBXFileReference; lastKnownFileType = sourcecode.swift; path = ExportCanvasGeometry.swift; sourceTree = "<group>"; };
		85A36EDCABE99B72392EB93C /* TrimSelection.swift */ = {isa = PBXFileReference; lastKnownFileType = sourcecode.swift; path = TrimSelection.swift; sourceTree = "<group>"; };
		861CE2F486701322F7B4FAD3 /* R2Uploader.swift */ = {isa = PBXFileReference; lastKnownFileType = sourcecode.swift; path = R2Uploader.swift; sourceTree = "<group>"; };
		868F0E1B6C8FC7DF50B4A79B /* RegionSelectionOverlay.swift */ = {isa = PBXFileReference; lastKnownFileType = sourcecode.swift; path = RegionSelectionOverlay.swift; sourceTree = "<group>"; };
		8908BA741C21BE7AAFF8F028 /* RecordingBarChrome.swift */ = {isa = PBXFileReference; lastKnownFileType = sourcecode.swift; path = RecordingBarChrome.swift; sourceTree = "<group>"; };
		8B3D8697A2AEA9FD3527BA3D /* PinnedScreenshot.swift */ = {isa = PBXFileReference; lastKnownFileType = sourcecode.swift; path = PinnedScreenshot.swift; sourceTree = "<group>"; };
		8D2EB2E1080285BC4EC284AB /* VideoEditorView.swift */ = {isa = PBXFileReference; lastKnownFileType = sourcecode.swift; path = VideoEditorView.swift; sourceTree = "<group>"; };
		8EA870DD2C387FEFFB50527E /* AnnotationKeyboard.swift */ = {isa = PBXFileReference; lastKnownFileType = sourcecode.swift; path = AnnotationKeyboard.swift; sourceTree = "<group>"; };
		9057B39C894A83FE5C27A761 /* EditorWindowController.swift */ = {isa = PBXFileReference; lastKnownFileType = sourcecode.swift; path = EditorWindowController.swift; sourceTree = "<group>"; };
		90E774656DB29A1792294977 /* SettingsWindowController.swift */ = {isa = PBXFileReference; lastKnownFileType = sourcecode.swift; path = SettingsWindowController.swift; sourceTree = "<group>"; };
		947DF939565AA34A0BC56B3F /* ScreenRecordingManager.swift */ = {isa = PBXFileReference; lastKnownFileType = sourcecode.swift; path = ScreenRecordingManager.swift; sourceTree = "<group>"; };
		94D707990F014D8BE452023A /* BundledBackgrounds.swift */ = {isa = PBXFileReference; lastKnownFileType = sourcecode.swift; path = BundledBackgrounds.swift; sourceTree = "<group>"; };
		9822447B9DE8F15B9CC94381 /* PreferencesView.swift */ = {isa = PBXFileReference; lastKnownFileType = sourcecode.swift; path = PreferencesView.swift; sourceTree = "<group>"; };
		9D72A7FD249FD623240D8735 /* EditorCanvasView.swift */ = {isa = PBXFileReference; lastKnownFileType = sourcecode.swift; path = EditorCanvasView.swift; sourceTree = "<group>"; };
		A9FD147E96AE29FF1E11357F /* Backgrounds */ = {isa = PBXFileReference; lastKnownFileType = folder; name = Backgrounds; path = Resources/Backgrounds; sourceTree = SOURCE_ROOT; };
		AE1AF97C84324A8DA1B6948D /* PreviewOverlay.swift */ = {isa = PBXFileReference; lastKnownFileType = sourcecode.swift; path = PreviewOverlay.swift; sourceTree = "<group>"; };
		AE87F338892DCBFEA8FD7BDA /* MenuBarContentView.swift */ = {isa = PBXFileReference; lastKnownFileType = sourcecode.swift; path = MenuBarContentView.swift; sourceTree = "<group>"; };
		AED95760D56AC3DD0DAB3150 /* VideoExportError.swift */ = {isa = PBXFileReference; lastKnownFileType = sourcecode.swift; path = VideoExportError.swift; sourceTree = "<group>"; };
		B350EE68E3E974004660FC0A /* Assets.xcassets */ = {isa = PBXFileReference; lastKnownFileType = folder.assetcatalog; path = Assets.xcassets; sourceTree = "<group>"; };
		B5FC4CD374D6C387202BB773 /* EditorWindowView.swift */ = {isa = PBXFileReference; lastKnownFileType = sourcecode.swift; path = EditorWindowView.swift; sourceTree = "<group>"; };
		B82D1374FAD185152D19D7E7 /* GlassSurface.swift */ = {isa = PBXFileReference; lastKnownFileType = sourcecode.swift; path = GlassSurface.swift; sourceTree = "<group>"; };
		B88A8ED1633D6E01CE4EE0FA /* MicrophoneCatalog.swift */ = {isa = PBXFileReference; lastKnownFileType = sourcecode.swift; path = MicrophoneCatalog.swift; sourceTree = "<group>"; };
		BAE1EE5C32D7D0D099A88951 /* ShortcutService.swift */ = {isa = PBXFileReference; lastKnownFileType = sourcecode.swift; path = ShortcutService.swift; sourceTree = "<group>"; };
		BD21E8B1BB111C9A2991D570 /* AnnotationItemView.swift */ = {isa = PBXFileReference; lastKnownFileType = sourcecode.swift; path = AnnotationItemView.swift; sourceTree = "<group>"; };
		BE8FF05309B340FEAE149775 /* BackgroundStyle.swift */ = {isa = PBXFileReference; lastKnownFileType = sourcecode.swift; path = BackgroundStyle.swift; sourceTree = "<group>"; };
		C5558B01BB764A6621835508 /* CaptureRecord.swift */ = {isa = PBXFileReference; lastKnownFileType = sourcecode.swift; path = CaptureRecord.swift; sourceTree = "<group>"; };
		C6C9F913A886767E0F6F027C /* CapTimelineView.swift */ = {isa = PBXFileReference; lastKnownFileType = sourcecode.swift; path = CapTimelineView.swift; sourceTree = "<group>"; };
		C6F4C7B311224A83B9D10097 /* EditorSharedSections.swift */ = {isa = PBXFileReference; lastKnownFileType = sourcecode.swift; path = EditorSharedSections.swift; sourceTree = "<group>"; };
		C72B137FE8A09ED62E3E58DF /* RecordingStatusBar.swift */ = {isa = PBXFileReference; lastKnownFileType = sourcecode.swift; path = RecordingStatusBar.swift; sourceTree = "<group>"; };
		C757566A38307689528E5A9E /* AppPreferences.swift */ = {isa = PBXFileReference; lastKnownFileType = sourcecode.swift; path = AppPreferences.swift; sourceTree = "<group>"; };
		CCF297FE8B79DB3BC5B6B470 /* TimelineTransform.swift */ = {isa = PBXFileReference; lastKnownFileType = sourcecode.swift; path = TimelineTransform.swift; sourceTree = "<group>"; };
		D58300A37E3A994CE15987C5 /* BeautifierRenderer.swift */ = {isa = PBXFileReference; lastKnownFileType = sourcecode.swift; path = BeautifierRenderer.swift; sourceTree = "<group>"; };
		D6198417D4285E0B0F93CD9C /* RecordingAreaHighlight.swift */ = {isa = PBXFileReference; lastKnownFileType = sourcecode.swift; path = RecordingAreaHighlight.swift; sourceTree = "<group>"; };
		D6B3B484A34F96CA7461389C /* InspectorChrome.swift */ = {isa = PBXFileReference; lastKnownFileType = sourcecode.swift; path = InspectorChrome.swift; sourceTree = "<group>"; };
		E26AF580197196A4D9BBE7B3 /* ClipTimeline.swift */ = {isa = PBXFileReference; lastKnownFileType = sourcecode.swift; path = ClipTimeline.swift; sourceTree = "<group>"; };
		E3F4A34905E009410BCE4384 /* RecordingSession.swift */ = {isa = PBXFileReference; lastKnownFileType = sourcecode.swift; path = RecordingSession.swift; sourceTree = "<group>"; };
		EE6013043C27F30509A03C16 /* MenuBarPopoverController.swift */ = {isa = PBXFileReference; lastKnownFileType = sourcecode.swift; path = MenuBarPopoverController.swift; sourceTree = "<group>"; };
		EF9F61AFB543497004AF4EB3 /* InspectorSlider.swift */ = {isa = PBXFileReference; lastKnownFileType = sourcecode.swift; path = InspectorSlider.swift; sourceTree = "<group>"; };
		F46A331394FBCD6FCFD29F62 /* BetterShot.app */ = {isa = PBXFileReference; explicitFileType = wrapper.application; includeInIndex = 0; path = BetterShot.app; sourceTree = BUILT_PRODUCTS_DIR; };
		F6DFE09CC845C78A0C3D2685 /* AnnotationItem.swift */ = {isa = PBXFileReference; lastKnownFileType = sourcecode.swift; path = AnnotationItem.swift; sourceTree = "<group>"; };
		F74F2F48E0775A96906E180F /* BetterShotApp.swift */ = {isa = PBXFileReference; lastKnownFileType = sourcecode.swift; path = BetterShotApp.swift; sourceTree = "<group>"; };
		FA371E3B22FCF68762E77651 /* VideoEditorWindowController.swift */ = {isa = PBXFileReference; lastKnownFileType = sourcecode.swift; path = VideoEditorWindowController.swift; sourceTree = "<group>"; };
		FD99B20FCC14CE7B29F78502 /* ZoomCue.swift */ = {isa = PBXFileReference; lastKnownFileType = sourcecode.swift; path = ZoomCue.swift; sourceTree = "<group>"; };
/* End PBXFileReference section */

/* Begin PBXGroup section */
		02E0E07267FD5201B631F82C /* Services */ = {
			isa = PBXGroup;
			children = (
				5BADFC6B5CCEDC123DF696D8 /* AppUpdater.swift */,
				D58300A37E3A994CE15987C5 /* BeautifierRenderer.swift */,
				BAE1EE5C32D7D0D099A88951 /* ShortcutService.swift */,
			);
			path = Services;
			sourceTree = "<group>";
		};
		10094F5FED8623DFE2FA9F1D /* Resources */ = {
			isa = PBXGroup;
			children = (
				B350EE68E3E974004660FC0A /* Assets.xcassets */,
			);
			path = Resources;
			sourceTree = "<group>";
		};
		1DDA7451A0077983475374B9 /* Sharing */ = {
			isa = PBXGroup;
			children = (
				679F127F74BFC991CCDCA27B /* R2CredentialStore.swift */,
				861CE2F486701322F7B4FAD3 /* R2Uploader.swift */,
				451695CAAFEDDEA2ECE3CEF7 /* ShareManifest.swift */,
				7545B71B98F5349A6E57003A /* ShareService.swift */,
			);
			path = Sharing;
			sourceTree = "<group>";
		};
		259B01DEB5B62634004C4016 /* Editor */ = {
			isa = PBXGroup;
			children = (
				17544CDA089E3F65F7BCE622 /* AnnotationDrawing.swift */,
				7E8B6DF3EDCB19D828A14168 /* AnnotationEditorInteractionState.swift */,
				BD21E8B1BB111C9A2991D570 /* AnnotationItemView.swift */,
				8EA870DD2C387FEFFB50527E /* AnnotationKeyboard.swift */,
				147306FB804DB8E1D8FC83DA /* AnnotationRedactionImageProcessor.swift */,
				9D72A7FD249FD623240D8735 /* EditorCanvasView.swift */,
				5229BD9DF667A270F2BF5A01 /* EditorInspectorView.swift */,
				7307DAB0AA0DDC8AB161E476 /* EditorModel.swift */,
				9057B39C894A83FE5C27A761 /* EditorWindowController.swift */,
				B5FC4CD374D6C387202BB773 /* EditorWindowView.swift */,
			);
			path = Editor;
			sourceTree = "<group>";
		};
		39D4566D88515C653CF4F4DB /* Models */ = {
			isa = PBXGroup;
			children = (
				F6DFE09CC845C78A0C3D2685 /* AnnotationItem.swift */,
				C757566A38307689528E5A9E /* AppPreferences.swift */,
				BE8FF05309B340FEAE149775 /* BackgroundStyle.swift */,
				94D707990F014D8BE452023A /* BundledBackgrounds.swift */,
				C5558B01BB764A6621835508 /* CaptureRecord.swift */,
			);
			path = Models;
			sourceTree = "<group>";
		};
		49CD1ABB4117999E05DAEA92 /* Capture */ = {
			isa = PBXGroup;
			children = (
				4B626577BDFABF32D144DC8B /* CaptureOrchestrator.swift */,
				3E1907B91A013BCA494AB08A /* ColorPickerOverlay.swift */,
				7DB9ADF51148B7B593827415 /* CountdownOverlay.swift */,
				868F0E1B6C8FC7DF50B4A79B /* RegionSelectionOverlay.swift */,
				4495302A23BB2192D91C5ED3 /* ScreenCapture.swift */,
			);
			path = Capture;
			sourceTree = "<group>";
		};
		4B049A4676B9CFEECB1A3DF6 /* Products */ = {
			isa = PBXGroup;
			children = (
				F46A331394FBCD6FCFD29F62 /* BetterShot.app */,
			);
			name = Products;
			sourceTree = "<group>";
		};
		4FE4E3ABA1756F22921DCB42 /* Views */ = {
			isa = PBXGroup;
			children = (
				C6F4C7B311224A83B9D10097 /* EditorSharedSections.swift */,
				B82D1374FAD185152D19D7E7 /* GlassSurface.swift */,
				34E0B1E09D31B739AF031BC5 /* HostWindow.swift */,
				D6B3B484A34F96CA7461389C /* InspectorChrome.swift */,
				EF9F61AFB543497004AF4EB3 /* InspectorSlider.swift */,
				52E6D8AFD167052CD093BDBB /* InspectorValueFormat.swift */,
				AE87F338892DCBFEA8FD7BDA /* MenuBarContentView.swift */,
				EE6013043C27F30509A03C16 /* MenuBarPopoverController.swift */,
				2B95C7007292236807887D07 /* ToastWindow.swift */,
			);
			path = Views;
			sourceTree = "<group>";
		};
		749E9D00F818F70E06F34BB9 /* History */ = {
			isa = PBXGroup;
			children = (
				11DEB19CCE7ED49CF1136508 /* HistoryStore.swift */,
			);
			path = History;
			sourceTree = "<group>";
		};
		99E8726305BC9AF4B98FA73B /* Preview */ = {
			isa = PBXGroup;
			children = (
				8B3D8697A2AEA9FD3527BA3D /* PinnedScreenshot.swift */,
				AE1AF97C84324A8DA1B6948D /* PreviewOverlay.swift */,
			);
			path = Preview;
			sourceTree = "<group>";
		};
		B8FC14134195149286D737C0 = {
			isa = PBXGroup;
			children = (
				A9FD147E96AE29FF1E11357F /* Backgrounds */,
				10094F5FED8623DFE2FA9F1D /* Resources */,
				C750A8B0B7E68485E0FF536F /* Sources */,
				4B049A4676B9CFEECB1A3DF6 /* Products */,
			);
			sourceTree = "<group>";
		};
		C750A8B0B7E68485E0FF536F /* Sources */ = {
			isa = PBXGroup;
			children = (
				DF41CB44E94F5FBDBF8695A2 /* App */,
				49CD1ABB4117999E05DAEA92 /* Capture */,
				259B01DEB5B62634004C4016 /* Editor */,
				749E9D00F818F70E06F34BB9 /* History */,
				39D4566D88515C653CF4F4DB /* Models */,
				99E8726305BC9AF4B98FA73B /* Preview */,
				DD9915BCA4192465D234008B /* Recording */,
				02E0E07267FD5201B631F82C /* Services */,
				E4007FFA622C92BA5142F86A /* Settings */,
				1DDA7451A0077983475374B9 /* Sharing */,
				4FE4E3ABA1756F22921DCB42 /* Views */,
			);
			path = Sources;
			sourceTree = "<group>";
		};
		DD9915BCA4192465D234008B /* Recording */ = {
			isa = PBXGroup;
			children = (
				4056BF81776068841C838844 /* ActiveDisplayResolver.swift */,
				1EC6AE3A415F2A5CE882C1ED /* CameraBubble.swift */,
				C6C9F913A886767E0F6F027C /* CapTimelineView.swift */,
				E26AF580197196A4D9BBE7B3 /* ClipTimeline.swift */,
				7EE22957DFC0455E1687EF7D /* ExportCanvasGeometry.swift */,
				B88A8ED1633D6E01CE4EE0FA /* MicrophoneCatalog.swift */,
				24D46DA7E74F2EB4C230512D /* PointerCapture.swift */,
				D6198417D4285E0B0F93CD9C /* RecordingAreaHighlight.swift */,
				8908BA741C21BE7AAFF8F028 /* RecordingBarChrome.swift */,
				01335DD6AA3E94EA2C92C22E /* RecordingBarPresenter.swift */,
				2EE439E5B73138005082C255 /* RecordingPickerBar.swift */,
				E3F4A34905E009410BCE4384 /* RecordingSession.swift */,
				688AC417DC21DAAB08B94675 /* RecordingSourceCatalog.swift */,
				77D11FADA33C25A258D5A97A /* RecordingStagingDirectory.swift */,
				C72B137FE8A09ED62E3E58DF /* RecordingStatusBar.swift */,
				947DF939565AA34A0BC56B3F /* ScreenRecordingManager.swift */,
				087237D165BDF4246FC3A356 /* TimelineFilmstrip.swift */,
				CCF297FE8B79DB3BC5B6B470 /* TimelineTransform.swift */,
				85A36EDCABE99B72392EB93C /* TrimSelection.swift */,
				7C35ADEA40B41A4AD5BD3588 /* VideoEditorModel.swift */,
				8D2EB2E1080285BC4EC284AB /* VideoEditorView.swift */,
				FA371E3B22FCF68762E77651 /* VideoEditorWindowController.swift */,
				AED95760D56AC3DD0DAB3150 /* VideoExportError.swift */,
				51F4CF838E8E6B0F1CF28918 /* VideoFrameExporter.swift */,
				29B6B3D52CB7D59DAE025C2D /* ViewportTimeline.swift */,
				FD99B20FCC14CE7B29F78502 /* ZoomCue.swift */,
			);
			path = Recording;
			sourceTree = "<group>";
		};
		DF41CB44E94F5FBDBF8695A2 /* App */ = {
			isa = PBXGroup;
			children = (
				F74F2F48E0775A96906E180F /* BetterShotApp.swift */,
				1A8FF0E5AD713FC1D7E99DE7 /* BetterShotDelegate.swift */,
			);
			path = App;
			sourceTree = "<group>";
		};
		E4007FFA622C92BA5142F86A /* Settings */ = {
			isa = PBXGroup;
			children = (
				9822447B9DE8F15B9CC94381 /* PreferencesView.swift */,
				90E774656DB29A1792294977 /* SettingsWindowController.swift */,
				0D62F387131F8D7E1EF8BD54 /* SharingSettingsTab.swift */,
			);
			path = Settings;
			sourceTree = "<group>";
		};
/* End PBXGroup section */

/* Begin PBXNativeTarget section */
		61A826F3D9A89949C4B965D9 /* BetterShot */ = {
			isa = PBXNativeTarget;
			buildConfigurationList = B653F2DD902FE6BD261B2987 /* Build configuration list for PBXNativeTarget "BetterShot" */;
			buildPhases = (
				B29A156E16289E808758DF72 /* Sources */,
				EECE61E83E0AC599EBECCD4F /* Resources */,
			);
			buildRules = (
			);
			dependencies = (
			);
			name = BetterShot;
			packageProductDependencies = (
			);
			productName = BetterShot;
			productReference = F46A331394FBCD6FCFD29F62 /* BetterShot.app */;
			productType = "com.apple.product-type.application";
		};
/* End PBXNativeTarget section */

/* Begin PBXProject section */
		2B52F79D372EB35C81219180 /* Project object */ = {
			isa = PBXProject;
			attributes = {
				BuildIndependentTargetsInParallel = YES;
				LastUpgradeCheck = 1600;
			};
			buildConfigurationList = FDE4C5BE7F87318CFEAA3DDB /* Build configuration list for PBXProject "BetterShot" */;
			compatibilityVersion = "Xcode 14.0";
			developmentRegion = en;
			hasScannedForEncodings = 0;
			knownRegions = (
				Base,
				en,
			);
			mainGroup = B8FC14134195149286D737C0;
			minimizedProjectReferenceProxies = 1;
			preferredProjectObjectVersion = 77;
			projectDirPath = "";
			projectRoot = "";
			targets = (
				61A826F3D9A89949C4B965D9 /* BetterShot */,
			);
		};
/* End PBXProject section */

/* Begin PBXResourcesBuildPhase section */
		EECE61E83E0AC599EBECCD4F /* Resources */ = {
			isa = PBXResourcesBuildPhase;
			buildActionMask = 2147483647;
			files = (
				E29FA26E5F3F90C0653923E8 /* Assets.xcassets in Resources */,
				1CBDB240923B9F176D454CEA /* Backgrounds in Resources */,
			);
			runOnlyForDeploymentPostprocessing = 0;
		};
/* End PBXResourcesBuildPhase section */

/* Begin PBXSourcesBuildPhase section */
		B29A156E16289E808758DF72 /* Sources */ = {
			isa = PBXSourcesBuildPhase;
			buildActionMask = 2147483647;
			files = (
				C9F5C45CC06920AAA6D23155 /* ActiveDisplayResolver.swift in Sources */,
				06D6F16CF243DDB4531BEE29 /* AnnotationDrawing.swift in Sources */,
				DB55A5FF7B47E7320A84BE44 /* AnnotationEditorInteractionState.swift in Sources */,
				B20B0C52AEF6529B4DEE0B46 /* AnnotationItem.swift in Sources */,
				0B76BB9ECF0DEA0C47B75DAC /* AnnotationItemView.swift in Sources */,
				CF7361CA58691AC8B76B31C8 /* AnnotationKeyboard.swift in Sources */,
				7A3EBC41CA7A6F9DE045888B /* AnnotationRedactionImageProcessor.swift in Sources */,
				6158A6FD21D793D955B2E0E9 /* AppPreferences.swift in Sources */,
				01CE948684943DFF96B077F7 /* AppUpdater.swift in Sources */,
				EB848575CC3229A7EFFA6F13 /* BackgroundStyle.swift in Sources */,
				2D2CFBFFDA6767FA9FB2C2E9 /* BeautifierRenderer.swift in Sources */,
				BA2E35F115F67D7CA6DEE5A9 /* BetterShotApp.swift in Sources */,
				12F0105D52F612AA1BD73023 /* BetterShotDelegate.swift in Sources */,
				F3BAB5D4C1617D203E95885B /* BundledBackgrounds.swift in Sources */,
				83732BC3FFEBD8CF3A10C556 /* CameraBubble.swift in Sources */,
				485E9656C51FFC45547FFB73 /* CapTimelineView.swift in Sources */,
				FE59D61ABB427B6DFC1D377A /* CaptureOrchestrator.swift in Sources */,
				918CF31A69D7A8EB445F4164 /* CaptureRecord.swift in Sources */,
				546351AF6683978F99C7929C /* ClipTimeline.swift in Sources */,
				F5F0FA6599AB12F8B47278B0 /* ColorPickerOverlay.swift in Sources */,
				A6D62B552A8AE5AD951AB3EC /* CountdownOverlay.swift in Sources */,
				7492DCC25BAEBAFD914AAC6C /* EditorCanvasView.swift in Sources */,
				9A417A3F04D2578AE8199ACC /* EditorInspectorView.swift in Sources */,
				1881BC67C7A74FEC212DA8EC /* EditorModel.swift in Sources */,
				D7B4409DDF00C46B5D27FA48 /* EditorSharedSections.swift in Sources */,
				87B41081A50FF4716E4423EC /* EditorWindowController.swift in Sources */,
				3F10E4A10ECE3E37549B99BA /* EditorWindowView.swift in Sources */,
				E661ECE91CC81C278EB539B0 /* ExportCanvasGeometry.swift in Sources */,
				F87FBF6D449686856AD05561 /* GlassSurface.swift in Sources */,
				13B8472EC13ED5548E55212F /* HistoryStore.swift in Sources */,
				DD16A8874BECF0E76B10BA02 /* HostWindow.swift in Sources */,
				B89AAE0FC436D51766C43D3C /* InspectorChrome.swift in Sources */,
				A75C4FCCE3EE54A0AB010297 /* InspectorSlider.swift in Sources */,
				1F0739DA40E1862702A03326 /* InspectorValueFormat.swift in Sources */,
				BC811FEA82E635D6292A80FD /* MenuBarContentView.swift in Sources */,
				5DC7C7A2CF426EEB84D10515 /* MenuBarPopoverController.swift in Sources */,
				1CF87FFD59B2CF267AF92376 /* MicrophoneCatalog.swift in Sources */,
				3AA2E443AA076D9AA4BCFFA9 /* PinnedScreenshot.swift in Sources */,
				35166CF539A9A0D4C42CF4EE /* PointerCapture.swift in Sources */,
				6682480DF2FDA028736D23D2 /* PreferencesView.swift in Sources */,
				A548A41489DDA1DF28A3C44A /* PreviewOverlay.swift in Sources */,
				D7BE3EA091A12262CC4E7894 /* R2CredentialStore.swift in Sources */,
				F425B700C7B4E08A43AAF173 /* R2Uploader.swift in Sources */,
				1C291E3F80FE43A2FEA8F663 /* RecordingAreaHighlight.swift in Sources */,
				7C4AD16D6095D80279D2C66E /* RecordingBarChrome.swift in Sources */,
				224A19E23130B834F212C3D3 /* RecordingBarPresenter.swift in Sources */,
				E29EA2EB45CB7AF5F7F1DE1A /* RecordingPickerBar.swift in Sources */,
				190449BC0719D36DD018A4D8 /* RecordingSession.swift in Sources */,
				D2F654EFDF72F9FC2CFDBF20 /* RecordingSourceCatalog.swift in Sources */,
				C81637D99E01B68AEC877CDD /* RecordingStagingDirectory.swift in Sources */,
				FC247F5E7814E3D4E253A582 /* RecordingStatusBar.swift in Sources */,
				3933094B835D8EF2F5F1EABB /* RegionSelectionOverlay.swift in Sources */,
				615EE1453C9A7BDFD9248E09 /* ScreenCapture.swift in Sources */,
				F0B38EDB344A7A818ED49511 /* ScreenRecordingManager.swift in Sources */,
				C46DD6DBAA95F563F2EC6E4E /* SettingsWindowController.swift in Sources */,
				D925251B051AC2433DEE6D1E /* ShareManifest.swift in Sources */,
				073D955347C6F1FBC8B7367E /* ShareService.swift in Sources */,
				B9B5CCB2FE5EDEA8A879E245 /* SharingSettingsTab.swift in Sources */,
				8782829F9AD2E1BE2B796AC7 /* ShortcutService.swift in Sources */,
				AC73400A5306BD53C5FB8D6E /* TimelineFilmstrip.swift in Sources */,
				0CB60CEFB5D9FE7979CB5179 /* TimelineTransform.swift in Sources */,
				52B62D47D9FDBE73F0FEDB1A /* ToastWindow.swift in Sources */,
				54D0907847F64444A8ECF73F /* TrimSelection.swift in Sources */,
				60129245C0B6E2A29C14B762 /* VideoEditorModel.swift in Sources */,
				A3D2948CBD1AB43FE793A68A /* VideoEditorView.swift in Sources */,
				99DDE6D704C920238ACF8B8C /* VideoEditorWindowController.swift in Sources */,
				F624776F3B0A0526D8C35911 /* VideoExportError.swift in Sources */,
				923CCF853D24DB686D9CB758 /* VideoFrameExporter.swift in Sources */,
				EC29168521E36776F7087CF4 /* ViewportTimeline.swift in Sources */,
				08EE0F43183D219119172084 /* ZoomCue.swift in Sources */,
			);
			runOnlyForDeploymentPostprocessing = 0;
		};
/* End PBXSourcesBuildPhase section */

/* Begin XCBuildConfiguration section */
		31BAFDED17709DBDF81651E4 /* Release */ = {
			isa = XCBuildConfiguration;
			buildSettings = {
				ALWAYS_SEARCH_USER_PATHS = NO;
				CLANG_ANALYZER_NONNULL = YES;
				CLANG_ANALYZER_NUMBER_OBJECT_CONVERSION = YES_AGGRESSIVE;
				CLANG_CXX_LANGUAGE_STANDARD = "gnu++14";
				CLANG_CXX_LIBRARY = "libc++";
				CLANG_ENABLE_MODULES = YES;
				CLANG_ENABLE_OBJC_ARC = YES;
				CLANG_ENABLE_OBJC_WEAK = YES;
				CLANG_WARN_BLOCK_CAPTURE_AUTORELEASING = YES;
				CLANG_WARN_BOOL_CONVERSION = YES;
				CLANG_WARN_COMMA = YES;
				CLANG_WARN_CONSTANT_CONVERSION = YES;
				CLANG_WARN_DEPRECATED_OBJC_IMPLEMENTATIONS = YES;
				CLANG_WARN_DIRECT_OBJC_ISA_USAGE = YES_ERROR;
				CLANG_WARN_DOCUMENTATION_COMMENTS = YES;
				CLANG_WARN_EMPTY_BODY = YES;
				CLANG_WARN_ENUM_CONVERSION = YES;
				CLANG_WARN_INFINITE_RECURSION = YES;
				CLANG_WARN_INT_CONVERSION = YES;
				CLANG_WARN_NON_LITERAL_NULL_CONVERSION = YES;
				CLANG_WARN_OBJC_IMPLICIT_RETAIN_SELF = YES;
				CLANG_WARN_OBJC_LITERAL_CONVERSION = YES;
				CLANG_WARN_OBJC_ROOT_CLASS = YES_ERROR;
				CLANG_WARN_QUOTED_INCLUDE_IN_FRAMEWORK_HEADER = YES;
				CLANG_WARN_RANGE_LOOP_ANALYSIS = YES;
				CLANG_WARN_STRICT_PROTOTYPES = YES;
				CLANG_WARN_SUSPICIOUS_MOVE = YES;
				CLANG_WARN_UNGUARDED_AVAILABILITY = YES_AGGRESSIVE;
				CLANG_WARN_UNREACHABLE_CODE = YES;
				CLANG_WARN__DUPLICATE_METHOD_MATCH = YES;
				COPY_PHASE_STRIP = NO;
				DEBUG_INFORMATION_FORMAT = "dwarf-with-dsym";
				ENABLE_NS_ASSERTIONS = NO;
				ENABLE_STRICT_OBJC_MSGSEND = YES;
				ENABLE_USER_SCRIPT_SANDBOXING = NO;
				GCC_C_LANGUAGE_STANDARD = gnu11;
				GCC_NO_COMMON_BLOCKS = YES;
				GCC_WARN_64_TO_32_BIT_CONVERSION = YES;
				GCC_WARN_ABOUT_RETURN_TYPE = YES_ERROR;
				GCC_WARN_UNDECLARED_SELECTOR = YES;
				GCC_WARN_UNINITIALIZED_AUTOS = YES_AGGRESSIVE;
				GCC_WARN_UNUSED_FUNCTION = YES;
				GCC_WARN_UNUSED_VARIABLE = YES;
				MACOSX_DEPLOYMENT_TARGET = 14.0;
				MTL_ENABLE_DEBUG_INFO = NO;
				MTL_FAST_MATH = YES;
				PRODUCT_NAME = "$(TARGET_NAME)";
				SDKROOT = macosx;
				SWIFT_COMPILATION_MODE = wholemodule;
				SWIFT_OPTIMIZATION_LEVEL = "-O";
				SWIFT_VERSION = 6.0;
			};
			name = Release;
		};
		6862FA1689C1F0144B5E1DEA /* Debug */ = {
			isa = XCBuildConfiguration;
			buildSettings = {
				ALWAYS_SEARCH_USER_PATHS = NO;
				CLANG_ANALYZER_NONNULL = YES;
				CLANG_ANALYZER_NUMBER_OBJECT_CONVERSION = YES_AGGRESSIVE;
				CLANG_CXX_LANGUAGE_STANDARD = "gnu++14";
				CLANG_CXX_LIBRARY = "libc++";
				CLANG_ENABLE_MODULES = YES;
				CLANG_ENABLE_OBJC_ARC = YES;
				CLANG_ENABLE_OBJC_WEAK = YES;
				CLANG_WARN_BLOCK_CAPTURE_AUTORELEASING = YES;
				CLANG_WARN_BOOL_CONVERSION = YES;
				CLANG_WARN_COMMA = YES;
				CLANG_WARN_CONSTANT_CONVERSION = YES;
				CLANG_WARN_DEPRECATED_OBJC_IMPLEMENTATIONS = YES;
				CLANG_WARN_DIRECT_OBJC_ISA_USAGE = YES_ERROR;
				CLANG_WARN_DOCUMENTATION_COMMENTS = YES;
				CLANG_WARN_EMPTY_BODY = YES;
				CLANG_WARN_ENUM_CONVERSION = YES;
				CLANG_WARN_INFINITE_RECURSION = YES;
				CLANG_WARN_INT_CONVERSION = YES;
				CLANG_WARN_NON_LITERAL_NULL_CONVERSION = YES;
				CLANG_WARN_OBJC_IMPLICIT_RETAIN_SELF = YES;
				CLANG_WARN_OBJC_LITERAL_CONVERSION = YES;
				CLANG_WARN_OBJC_ROOT_CLASS = YES_ERROR;
				CLANG_WARN_QUOTED_INCLUDE_IN_FRAMEWORK_HEADER = YES;
				CLANG_WARN_RANGE_LOOP_ANALYSIS = YES;
				CLANG_WARN_STRICT_PROTOTYPES = YES;
				CLANG_WARN_SUSPICIOUS_MOVE = YES;
				CLANG_WARN_UNGUARDED_AVAILABILITY = YES_AGGRESSIVE;
				CLANG_WARN_UNREACHABLE_CODE = YES;
				CLANG_WARN__DUPLICATE_METHOD_MATCH = YES;
				COPY_PHASE_STRIP = NO;
				DEBUG_INFORMATION_FORMAT = dwarf;
				ENABLE_STRICT_OBJC_MSGSEND = YES;
				ENABLE_TESTABILITY = YES;
				ENABLE_USER_SCRIPT_SANDBOXING = NO;
				GCC_C_LANGUAGE_STANDARD = gnu11;
				GCC_DYNAMIC_NO_PIC = NO;
				GCC_NO_COMMON_BLOCKS = YES;
				GCC_OPTIMIZATION_LEVEL = 0;
				GCC_PREPROCESSOR_DEFINITIONS = (
					"$(inherited)",
					"DEBUG=1",
				);
				GCC_WARN_64_TO_32_BIT_CONVERSION = YES;
				GCC_WARN_ABOUT_RETURN_TYPE = YES_ERROR;
				GCC_WARN_UNDECLARED_SELECTOR = YES;
				GCC_WARN_UNINITIALIZED_AUTOS = YES_AGGRESSIVE;
				GCC_WARN_UNUSED_FUNCTION = YES;
				GCC_WARN_UNUSED_VARIABLE = YES;
				MACOSX_DEPLOYMENT_TARGET = 14.0;
				MTL_ENABLE_DEBUG_INFO = INCLUDE_SOURCE;
				MTL_FAST_MATH = YES;
				ONLY_ACTIVE_ARCH = YES;
				PRODUCT_NAME = "$(TARGET_NAME)";
				SDKROOT = macosx;
				SWIFT_ACTIVE_COMPILATION_CONDITIONS = DEBUG;
				SWIFT_OPTIMIZATION_LEVEL = "-Onone";
				SWIFT_VERSION = 6.0;
			};
			name = Debug;
		};
		BD8594A1D94B81B2F7847C3F /* Debug */ = {
			isa = XCBuildConfiguration;
			buildSettings = {
				ASSETCATALOG_COMPILER_APPICON_NAME = AppIcon;
				CODE_SIGN_ENTITLEMENTS = Resources/BetterShot.entitlements;
				COMBINE_HIDPI_IMAGES = YES;
				CURRENT_PROJECT_VERSION = 11;
				ENABLE_HARDENED_RUNTIME = YES;
				INFOPLIST_FILE = Resources/Info.plist;
				LD_RUNPATH_SEARCH_PATHS = "@executable_path/../Frameworks";
				MARKETING_VERSION = 4.0.0;
				PRODUCT_BUNDLE_IDENTIFIER = com.bettershot.app;
				PRODUCT_NAME = BetterShot;
				SDKROOT = macosx;
			};
			name = Debug;
		};
		C9BDF34D8B30DE9AFEF8F791 /* Release */ = {
			isa = XCBuildConfiguration;
			buildSettings = {
				ASSETCATALOG_COMPILER_APPICON_NAME = AppIcon;
				CODE_SIGN_ENTITLEMENTS = Resources/BetterShot.entitlements;
				COMBINE_HIDPI_IMAGES = YES;
				CURRENT_PROJECT_VERSION = 11;
				ENABLE_HARDENED_RUNTIME = YES;
				INFOPLIST_FILE = Resources/Info.plist;
				LD_RUNPATH_SEARCH_PATHS = "@executable_path/../Frameworks";
				MARKETING_VERSION = 4.0.0;
				PRODUCT_BUNDLE_IDENTIFIER = com.bettershot.app;
				PRODUCT_NAME = BetterShot;
				SDKROOT = macosx;
			};
			name = Release;
		};
/* End XCBuildConfiguration section */

/* Begin XCConfigurationList section */
		B653F2DD902FE6BD261B2987 /* Build configuration list for PBXNativeTarget "BetterShot" */ = {
			isa = XCConfigurationList;
			buildConfigurations = (
				BD8594A1D94B81B2F7847C3F /* Debug */,
				C9BDF34D8B30DE9AFEF8F791 /* Release */,
			);
			defaultConfigurationIsVisible = 0;
			defaultConfigurationName = Debug;
		};
		FDE4C5BE7F87318CFEAA3DDB /* Build configuration list for PBXProject "BetterShot" */ = {
			isa = XCConfigurationList;
			buildConfigurations = (
				6862FA1689C1F0144B5E1DEA /* Debug */,
				31BAFDED17709DBDF81651E4 /* Release */,
			);
			defaultConfigurationIsVisible = 0;
			defaultConfigurationName = Debug;
		};
/* End XCConfigurationList section */
	};
	rootObject = 2B52F79D372EB35C81219180 /* Project object */;
}
